PODS:
  - FlutterMacOS (1.0.0)
  - symbolic_math_bridge (0.0.1):
    - FlutterMacOS

DEPENDENCIES:
  - FlutterMacOS (from `Flutter/ephemeral`)
  - symbolic_math_bridge (from `Flutter/ephemeral/.symlinks/plugins/symbolic_math_bridge/macos`)

EXTERNAL SOURCES:
  FlutterMacOS:
    :path: Flutter/ephemeral
  symbolic_math_bridge:
    :path: Flutter/ephemeral/.symlinks/plugins/symbolic_math_bridge/macos

SPEC CHECKSUMS:
  FlutterMacOS: d0db08ddef1a9af05a5ec4b724367152bb0500b1
  symbolic_math_bridge: 086079769acc6bd92329799b8d7e0fd7b08400e1

PODFILE CHECKSUM: 54d867c82ac51cbd61b565781b9fada492027009

COCOAPODS: 1.16.2
