PODS:
  - crispembed (0.3.0)
  - FlutterMacOS (1.0.0)
  - printing (1.0.0):
    - FlutterMacOS
  - symbolic_math_bridge (1.0.14):
    - FlutterMacOS

DEPENDENCIES:
  - crispembed (from `Flutter/ephemeral/.symlinks/plugins/crispembed/macos`)
  - FlutterMacOS (from `Flutter/ephemeral`)
  - printing (from `Flutter/ephemeral/.symlinks/plugins/printing/macos`)
  - symbolic_math_bridge (from `Flutter/ephemeral/.symlinks/plugins/symbolic_math_bridge/macos`)

EXTERNAL SOURCES:
  crispembed:
    :path: Flutter/ephemeral/.symlinks/plugins/crispembed/macos
  FlutterMacOS:
    :path: Flutter/ephemeral
  printing:
    :path: Flutter/ephemeral/.symlinks/plugins/printing/macos
  symbolic_math_bridge:
    :path: Flutter/ephemeral/.symlinks/plugins/symbolic_math_bridge/macos

SPEC CHECKSUMS:
  crispembed: e4d8b25e47819a8ca6cd2adbaabdbcf716e99470
  FlutterMacOS: d0db08ddef1a9af05a5ec4b724367152bb0500b1
  printing: c4cf83c78fd684f9bc318e6aadc18972aa48f617
  symbolic_math_bridge: 67e1fef595fb948e531989bd6a7a332baf090b64

PODFILE CHECKSUM: 866507b557173c66fa59971655d6c2294d55645b

COCOAPODS: 1.16.2
